// !$*UTF8*$!
{
	archiveVersion = 1;
	classes = {
	};
	objectVersion = 56;
	objects = {

/* Begin PBXBuildFile section */
		CB9481B12C7F2122008453C8 /* Event_CountDown_TrackerApp.swift in Sources */ = {isa = PBXBuildFile; fileRef = CB9481B02C7F2122008453C8 /* Event_CountDown_TrackerApp.swift */; };
		CB9481B32C7F2122008453C8 /* ContentView.swift in Sources */ = {isa = PBXBuildFile; fileRef = CB9481B22C7F2122008453C8 /* ContentView.swift */; };
		CB9481B52C7F2124008453C8 /* Assets.xcassets in Resources */ = {isa = PBXBuildFile; fileRef = CB9481B42C7F2124008453C8 /* Assets.xcassets */; };
		CB9481B92C7F2124008453C8 /* Preview Assets.xcassets in Resources */ = {isa = PBXBuildFile; fileRef = CB9481B82C7F2124008453C8 /* Preview Assets.xcassets */; };
		CB9481C32C7F2124008453C8 /* Event_CountDown_TrackerTests.swift in Sources */ = {isa = PBXBuildFile; fileRef = CB9481C22C7F2124008453C8 /* Event_CountDown_TrackerTests.swift */; };
		CB9481CD2C7F2124008453C8 /* Event_CountDown_TrackerUITests.swift in Sources */ = {isa = PBXBuildFile; fileRef = CB9481CC2C7F2124008453C8 /* Event_CountDown_TrackerUITests.swift */; };
		CB9481CF2C7F2124008453C8 /* Event_CountDown_TrackerUITestsLaunchTests.swift in Sources */ = {isa = PBXBuildFile; fileRef = CB9481CE2C7F2124008453C8 /* Event_CountDown_TrackerUITestsLaunchTests.swift */; };
/* End PBXBuildFile section */

/* Begin PBXContainerItemProxy section */
		CB9481BF2C7F2124008453C8 /* PBXContainerItemProxy */ = {
			isa = PBXContainerItemProxy;
			containerPortal = CB9481A52C7F2122008453C8 /* Project object */;
			proxyType = 1;
			remoteGlobalIDString = CB9481AC2C7F2122008453C8;
			remoteInfo = "Event CountDown Tracker";
		};
		CB9481C92C7F2124008453C8 /* PBXContainerItemProxy */ = {
			isa = PBXContainerItemProxy;
			containerPortal = CB9481A52C7F2122008453C8 /* Project object */;
			proxyType = 1;
			remoteGlobalIDString = CB9481AC2C7F2122008453C8;
			remoteInfo = "Event CountDown Tracker";
		};
/* End PBXContainerItemProxy section */

/* Begin PBXFileReference section */
		CB9481AD2C7F2122008453C8 /* Event CountDown Tracker.app */ = {isa = PBXFileReference; explicitFileType = wrapper.application; includeInIndex = 0; path = "Event CountDown Tracker.app"; sourceTree = BUILT_PRODUCTS_DIR; };
		CB9481B02C7F2122008453C8 /* Event_CountDown_TrackerApp.swift */ = {isa = PBXFileReference; lastKnownFileType = sourcecode.swift; path = Event_CountDown_TrackerApp.swift; sourceTree = "<group>"; };
		CB9481B22C7F2122008453C8 /* ContentView.swift */ = {isa = PBXFileReference; lastKnownFileType = sourcecode.swift; path = ContentView.swift; sourceTree = "<group>"; };
		CB9481B42C7F2124008453C8 /* Assets.xcassets */ = {isa = PBXFileReference; lastKnownFileType = folder.assetcatalog; path = Assets.xcassets; sourceTree = "<group>"; };
		CB9481B62C7F2124008453C8 /* Event_CountDown_Tracker.entitlements */ = {isa = PBXFileReference; lastKnownFileType = text.plist.entitlements; path = Event_CountDown_Tracker.entitlements; sourceTree = "<group>"; };
		CB9481B82C7F2124008453C8 /* Preview Assets.xcassets */ = {isa = PBXFileReference; lastKnownFileType = folder.assetcatalog; path = "Preview Assets.xcassets"; sourceTree = "<group>"; };
		CB9481BE2C7F2124008453C8 /* Event CountDown TrackerTests.xctest */ = {isa = PBXFileReference; explicitFileType = wrapper.cfbundle; includeInIndex = 0; path = "Event CountDown TrackerTests.xctest"; sourceTree = BUILT_PRODUCTS_DIR; };
		CB9481C22C7F2124008453C8 /* Event_CountDown_TrackerTests.swift */ = {isa = PBXFileReference; lastKnownFileType = sourcecode.swift; path = Event_CountDown_TrackerTests.swift; sourceTree = "<group>"; };
		CB9481C82C7F2124008453C8 /* Event CountDown TrackerUITests.xctest */ = {isa = PBXFileReference; explicitFileType = wrapper.cfbundle; includeInIndex = 0; path = "Event CountDown TrackerUITests.xctest"; sourceTree = BUILT_PRODUCTS_DIR; };
		CB9481CC2C7F2124008453C8 /* Event_CountDown_TrackerUITests.swift */ = {isa = PBXFileReference; lastKnownFileType = sourcecode.swift; path = Event_CountDown_TrackerUITests.swift; sourceTree = "<group>"; };
		CB9481CE2C7F2124008453C8 /* Event_CountDown_TrackerUITestsLaunchTests.swift */ = {isa = PBXFileReference; lastKnownFileType = sourcecode.swift; path = Event_CountDown_TrackerUITestsLaunchTests.swift; sourceTree = "<group>"; };
/* End PBXFileReference section */

/* Begin PBXFrameworksBuildPhase section */
		CB9481AA2C7F2122008453C8 /* Frameworks */ = {
			isa = PBXFrameworksBuildPhase;
			buildActionMask = 2147483647;
			files = (
			);
			runOnlyForDeploymentPostprocessing = 0;
		};
		CB9481BB2C7F2124008453C8 /* Frameworks */ = {
			isa = PBXFrameworksBuildPhase;
			buildActionMask = 2147483647;
			files = (
			);
			runOnlyForDeploymentPostprocessing = 0;
		};
		CB9481C52C7F2124008453C8 /* Frameworks */ = {
			isa = PBXFrameworksBuildPhase;
			buildActionMask = 2147483647;
			files = (
			);
			runOnlyForDeploymentPostprocessing = 0;
		};
/* End PBXFrameworksBuildPhase section */

/* Begin PBXGroup section */
		CB9481A42C7F2122008453C8 = {
			isa = PBXGroup;
			children = (
				CB9481AF2C7F2122008453C8 /* Event CountDown Tracker */,
				CB9481C12C7F2124008453C8 /* Event CountDown TrackerTests */,
				CB9481CB2C7F2124008453C8 /* Event CountDown TrackerUITests */,
				CB9481AE2C7F2122008453C8 /* Products */,
			);
			sourceTree = "<group>";
		};
		CB9481AE2C7F2122008453C8 /* Products */ = {
			isa = PBXGroup;
			children = (
				CB9481AD2C7F2122008453C8 /* Event CountDown Tracker.app */,
				CB9481BE2C7F2124008453C8 /* Event CountDown TrackerTests.xctest */,
				CB9481C82C7F2124008453C8 /* Event CountDown TrackerUITests.xctest */,
			);
			name = Products;
			sourceTree = "<group>";
		};
		CB9481AF2C7F2122008453C8 /* Event CountDown Tracker */ = {
			isa = PBXGroup;
			children = (
				CB9481B02C7F2122008453C8 /* Event_CountDown_TrackerApp.swift */,
				CB9481B22C7F2122008453C8 /* ContentView.swift */,
				CB9481B42C7F2124008453C8 /* Assets.xcassets */,
				CB9481B62C7F2124008453C8 /* Event_CountDown_Tracker.entitlements */,
				CB9481B72C7F2124008453C8 /* Preview Content */,
			);
			path = "Event CountDown Tracker";
			sourceTree = "<group>";
		};
		CB9481B72C7F2124008453C8 /* Preview Content */ = {
			isa = PBXGroup;
			children = (
				CB9481B82C7F2124008453C8 /* Preview Assets.xcassets */,
			);
			path = "Preview Content";
			sourceTree = "<group>";
		};
		CB9481C12C7F2124008453C8 /* Event CountDown TrackerTests */ = {
			isa = PBXGroup;
			children = (
				CB9481C22C7F2124008453C8 /* Event_CountDown_TrackerTests.swift */,
			);
			path = "Event CountDown TrackerTests";
			sourceTree = "<group>";
		};
		CB9481CB2C7F2124008453C8 /* Event CountDown TrackerUITests */ = {
			isa = PBXGroup;
			children = (
				CB9481CC2C7F2124008453C8 /* Event_CountDown_TrackerUITests.swift */,
				CB9481CE2C7F2124008453C8 /* Event_CountDown_TrackerUITestsLaunchTests.swift */,
			);
			path = "Event CountDown TrackerUITests";
			sourceTree = "<group>";
		};
/* End PBXGroup section */

/* Begin PBXNativeTarget section */
		CB9481AC2C7F2122008453C8 /* Event CountDown Tracker */ = {
			isa = PBXNativeTarget;
			buildConfigurationList = CB9481D22C7F2124008453C8 /* Build configuration list for PBXNativeTarget "Event CountDown Tracker" */;
			buildPhases = (
				CB9481A92C7F2122008453C8 /* Sources */,
				CB9481AA2C7F2122008453C8 /* Frameworks */,
				CB9481AB2C7F2122008453C8 /* Resources */,
			);
			buildRules = (
			);
			dependencies = (
			);
			name = "Event CountDown Tracker";
			productName = "Event CountDown Tracker";
			productReference = CB9481AD2C7F2122008453C8 /* Event CountDown Tracker.app */;
			productType = "com.apple.product-type.application";
		};
		CB9481BD2C7F2124008453C8 /* Event CountDown TrackerTests */ = {
			isa = PBXNativeTarget;
			buildConfigurationList = CB9481D52C7F2124008453C8 /* Build configuration list for PBXNativeTarget "Event CountDown TrackerTests" */;
			buildPhases = (
				CB9481BA2C7F2124008453C8 /* Sources */,
				CB9481BB2C7F2124008453C8 /* Frameworks */,
				CB9481BC2C7F2124008453C8 /* Resources */,
			);
			buildRules = (
			);
			dependencies = (
				CB9481C02C7F2124008453C8 /* PBXTargetDependency */,
			);
			name = "Event CountDown TrackerTests";
			productName = "Event CountDown TrackerTests";
			productReference = CB9481BE2C7F2124008453C8 /* Event CountDown TrackerTests.xctest */;
			productType = "com.apple.product-type.bundle.unit-test";
		};
		CB9481C72C7F2124008453C8 /* Event CountDown TrackerUITests */ = {
			isa = PBXNativeTarget;
			buildConfigurationList = CB9481D82C7F2124008453C8 /* Build configuration list for PBXNativeTarget "Event CountDown TrackerUITests" */;
			buildPhases = (
				CB9481C42C7F2124008453C8 /* Sources */,
				CB9481C52C7F2124008453C8 /* Frameworks */,
				CB9481C62C7F2124008453C8 /* Resources */,
			);
			buildRules = (
			);
			dependencies = (
				CB9481CA2C7F2124008453C8 /* PBXTargetDependency */,
			);
			name = "Event CountDown TrackerUITests";
			productName = "Event CountDown TrackerUITests";
			productReference = CB9481C82C7F2124008453C8 /* Event CountDown TrackerUITests.xctest */;
			productType = "com.apple.product-type.bundle.ui-testing";
		};
/* End PBXNativeTarget section */

/* Begin PBXProject section */
		CB9481A52C7F2122008453C8 /* Project object */ = {
			isa = PBXProject;
			attributes = {
				BuildIndependentTargetsInParallel = 1;
				LastSwiftUpdateCheck = 1540;
				LastUpgradeCheck = 1540;
				TargetAttributes = {
					CB9481AC2C7F2122008453C8 = {
						CreatedOnToolsVersion = 15.4;
					};
					CB9481BD2C7F2124008453C8 = {
						CreatedOnToolsVersion = 15.4;
						TestTargetID = CB9481AC2C7F2122008453C8;
					};
					CB9481C72C7F2124008453C8 = {
						CreatedOnToolsVersion = 15.4;
						TestTargetID = CB9481AC2C7F2122008453C8;
					};
				};
			};
			buildConfigurationList = CB9481A82C7F2122008453C8 /* Build configuration list for PBXProject "Event CountDown Tracker" */;
			compatibilityVersion = "Xcode 14.0";
			developmentRegion = en;
			hasScannedForEncodings = 0;
			knownRegions = (
				en,
				Base,
			);
			mainGroup = CB9481A42C7F2122008453C8;
			productRefGroup = CB9481AE2C7F2122008453C8 /* Products */;
			projectDirPath = "";
			projectRoot = "";
			targets = (
				CB9481AC2C7F2122008453C8 /* Event CountDown Tracker */,
				CB9481BD2C7F2124008453C8 /* Event CountDown TrackerTests */,
				CB9481C72C7F2124008453C8 /* Event CountDown TrackerUITests */,
			);
		};
/* End PBXProject section */

/* Begin PBXResourcesBuildPhase section */
		CB9481AB2C7F2122008453C8 /* Resources */ = {
			isa = PBXResourcesBuildPhase;
			buildActionMask = 2147483647;
			files = (
				CB9481B92C7F2124008453C8 /* Preview Assets.xcassets in Resources */,
				CB9481B52C7F2124008453C8 /* Assets.xcassets in Resources */,
			);
			runOnlyForDeploymentPostprocessing = 0;
		};
		CB9481BC2C7F2124008453C8 /* Resources */ = {
			isa = PBXResourcesBuildPhase;
			buildActionMask = 2147483647;
			files = (
			);
			runOnlyForDeploymentPostprocessing = 0;
		};
		CB9481C62C7F2124008453C8 /* Resources */ = {
			isa = PBXResourcesBuildPhase;
			buildActionMask = 2147483647;
			files = (
			);
			runOnlyForDeploymentPostprocessing = 0;
		};
/* End PBXResourcesBuildPhase section */

/* Begin PBXSourcesBuildPhase section */
		CB9481A92C7F2122008453C8 /* Sources */ = {
			isa = PBXSourcesBuildPhase;
			buildActionMask = 2147483647;
			files = (
				CB9481B32C7F2122008453C8 /* ContentView.swift in Sources */,
				CB9481B12C7F2122008453C8 /* Event_CountDown_TrackerApp.swift in Sources */,
			);
			runOnlyForDeploymentPostprocessing = 0;
		};
		CB9481BA2C7F2124008453C8 /* Sources */ = {
			isa = PBXSourcesBuildPhase;
			buildActionMask = 2147483647;
			files = (
				CB9481C32C7F2124008453C8 /* Event_CountDown_TrackerTests.swift in Sources */,
			);
			runOnlyForDeploymentPostprocessing = 0;
		};
		CB9481C42C7F2124008453C8 /* Sources */ = {
			isa = PBXSourcesBuildPhase;
			buildActionMask = 2147483647;
			files = (
				CB9481CF2C7F2124008453C8 /* Event_CountDown_TrackerUITestsLaunchTests.swift in Sources */,
				CB9481CD2C7F2124008453C8 /* Event_CountDown_TrackerUITests.swift in Sources */,
			);
			runOnlyForDeploymentPostprocessing = 0;
		};
/* End PBXSourcesBuildPhase section */

/* Begin PBXTargetDependency section */
		CB9481C02C7F2124008453C8 /* PBXTargetDependency */ = {
			isa = PBXTargetDependency;
			target = CB9481AC2C7F2122008453C8 /* Event CountDown Tracker */;
			targetProxy = CB9481BF2C7F2124008453C8 /* PBXContainerItemProxy */;
		};
		CB9481CA2C7F2124008453C8 /* PBXTargetDependency */ = {
			isa = PBXTargetDependency;
			target = CB9481AC2C7F2122008453C8 /* Event CountDown Tracker */;
			targetProxy = CB9481C92C7F2124008453C8 /* PBXContainerItemProxy */;
		};
/* End PBXTargetDependency section */

/* Begin XCBuildConfiguration section */
		CB9481D02C7F2124008453C8 /* Debug */ = {
			isa = XCBuildConfiguration;
			buildSettings = {
				ALWAYS_SEARCH_USER_PATHS = NO;
				ASSETCATALOG_COMPILER_GENERATE_SWIFT_ASSET_SYMBOL_EXTENSIONS = YES;
				CLANG_ANALYZER_NONNULL = YES;
				CLANG_ANALYZER_NUMBER_OBJECT_CONVERSION = YES_AGGRESSIVE;
				CLANG_CXX_LANGUAGE_STANDARD = "gnu++20";
				CLANG_ENABLE_MODULES = YES;
				CLANG_ENABLE_OBJC_ARC = YES;
				CLANG_ENABLE_OBJC_WEAK = YES;
				CLANG_WARN_BLOCK_CAPTURE_AUTORELEASING = YES;
				CLANG_WARN_BOOL_CONVERSION = YES;
				CLANG_WARN_COMMA = YES;
				CLANG_WARN_CONSTANT_CONVERSION = YES;
				CLANG_WARN_DEPRECATED_OBJC_IMPLEMENTATIONS = YES;
				CLANG_WARN_DIRECT_OBJC_ISA_USAGE = YES_ERROR;
				CLANG_WARN_DOCUMENTATION_COMMENTS = YES;
				CLANG_WARN_EMPTY_BODY = YES;
				CLANG_WARN_ENUM_CONVERSION = YES;
				CLANG_WARN_INFINITE_RECURSION = YES;
				CLANG_WARN_INT_CONVERSION = YES;
				CLANG_WARN_NON_LITERAL_NULL_CONVERSION = YES;
				CLANG_WARN_OBJC_IMPLICIT_RETAIN_SELF = YES;
				CLANG_WARN_OBJC_LITERAL_CONVERSION = YES;
				CLANG_WARN_OBJC_ROOT_CLASS = YES_ERROR;
				CLANG_WARN_QUOTED_INCLUDE_IN_FRAMEWORK_HEADER = YES;
				CLANG_WARN_RANGE_LOOP_ANALYSIS = YES;
				CLANG_WARN_STRICT_PROTOTYPES = YES;
				CLANG_WARN_SUSPICIOUS_MOVE = YES;
				CLANG_WARN_UNGUARDED_AVAILABILITY = YES_AGGRESSIVE;
				CLANG_WARN_UNREACHABLE_CODE = YES;
				CLANG_WARN__DUPLICATE_METHOD_MATCH = YES;
				COPY_PHASE_STRIP = NO;
				DEBUG_INFORMATION_FORMAT = dwarf;
				ENABLE_STRICT_OBJC_MSGSEND = YES;
				ENABLE_TESTABILITY = YES;
				ENABLE_USER_SCRIPT_SANDBOXING = YES;
				GCC_C_LANGUAGE_STANDARD = gnu17;
				GCC_DYNAMIC_NO_PIC = NO;
				GCC_NO_COMMON_BLOCKS = YES;
				GCC_OPTIMIZATION_LEVEL = 0;
				GCC_PREPROCESSOR_DEFINITIONS = (
					"DEBUG=1",
					"$(inherited)",
				);
				GCC_WARN_64_TO_32_BIT_CONVERSION = YES;
				GCC_WARN_ABOUT_RETURN_TYPE = YES_ERROR;
				GCC_WARN_UNDECLARED_SELECTOR = YES;
				GCC_WARN_UNINITIALIZED_AUTOS = YES_AGGRESSIVE;
				GCC_WARN_UNUSED_FUNCTION = YES;
				GCC_WARN_UNUSED_VARIABLE = YES;
				LOCALIZATION_PREFERS_STRING_CATALOGS = YES;
				MTL_ENABLE_DEBUG_INFO = INCLUDE_SOURCE;
				MTL_FAST_MATH = YES;
				ONLY_ACTIVE_ARCH = YES;
				SWIFT_ACTIVE_COMPILATION_CONDITIONS = "DEBUG $(inherited)";
				SWIFT_OPTIMIZATION_LEVEL = "-Onone";
			};
			name = Debug;
		};
		CB9481D12C7F2124008453C8 /* Release */ = {
			isa = XCBuildConfiguration;
			buildSettings = {
				ALWAYS_SEARCH_USER_PATHS = NO;
				ASSETCATALOG_COMPILER_GENERATE_SWIFT_ASSET_SYMBOL_EXTENSIONS = YES;
				CLANG_ANALYZER_NONNULL = YES;
				CLANG_ANALYZER_NUMBER_OBJECT_CONVERSION = YES_AGGRESSIVE;
				CLANG_CXX_LANGUAGE_STANDARD = "gnu++20";
				CLANG_ENABLE_MODULES = YES;
				CLANG_ENABLE_OBJC_ARC = YES;
				CLANG_ENABLE_OBJC_WEAK = YES;
				CLANG_WARN_BLOCK_CAPTURE_AUTORELEASING = YES;
				CLANG_WARN_BOOL_CONVERSION = YES;
				CLANG_WARN_COMMA = YES;
				CLANG_WARN_CONSTANT_CONVERSION = YES;
				CLANG_WARN_DEPRECATED_OBJC_IMPLEMENTATIONS = YES;
				CLANG_WARN_DIRECT_OBJC_ISA_USAGE = YES_ERROR;
				CLANG_WARN_DOCUMENTATION_COMMENTS = YES;
				CLANG_WARN_EMPTY_BODY = YES;
				CLANG_WARN_ENUM_CONVERSION = YES;
				CLANG_WARN_INFINITE_RECURSION = YES;
				CLANG_WARN_INT_CONVERSION = YES;
				CLANG_WARN_NON_LITERAL_NULL_CONVERSION = YES;
				CLANG_WARN_OBJC_IMPLICIT_RETAIN_SELF = YES;
				CLANG_WARN_OBJC_LITERAL_CONVERSION = YES;
				CLANG_WARN_OBJC_ROOT_CLASS = YES_ERROR;
				CLANG_WARN_QUOTED_INCLUDE_IN_FRAMEWORK_HEADER = YES;
				CLANG_WARN_RANGE_LOOP_ANALYSIS = YES;
				CLANG_WARN_STRICT_PROTOTYPES = YES;
				CLANG_WARN_SUSPICIOUS_MOVE = YES;
				CLANG_WARN_UNGUARDED_AVAILABILITY = YES_AGGRESSIVE;
				CLANG_WARN_UNREACHABLE_CODE = YES;
				CLANG_WARN__DUPLICATE_METHOD_MATCH = YES;
				COPY_PHASE_STRIP = NO;
				DEBUG_INFORMATION_FORMAT = "dwarf-with-dsym";
				ENABLE_NS_ASSERTIONS = NO;
				ENABLE_STRICT_OBJC_MSGSEND = YES;
				ENABLE_USER_SCRIPT_SANDBOXING = YES;
				GCC_C_LANGUAGE_STANDARD = gnu17;
				GCC_NO_COMMON_BLOCKS = YES;
				GCC_WARN_64_TO_32_BIT_CONVERSION = YES;
				GCC_WARN_ABOUT_RETURN_TYPE = YES_ERROR;
				GCC_WARN_UNDECLARED_SELECTOR = YES;
				GCC_WARN_UNINITIALIZED_AUTOS = YES_AGGRESSIVE;
				GCC_WARN_UNUSED_FUNCTION = YES;
				GCC_WARN_UNUSED_VARIABLE = YES;
				LOCALIZATION_PREFERS_STRING_CATALOGS = YES;
				MTL_ENABLE_DEBUG_INFO = NO;
				MTL_FAST_MATH = YES;
				SWIFT_COMPILATION_MODE = wholemodule;
			};
			name = Release;
		};
		CB9481D32C7F2124008453C8 /* Debug */ = {
			isa = XCBuildConfiguration;
			buildSettings = {
				ASSETCATALOG_COMPILER_APPICON_NAME = AppIcon;
				ASSETCATALOG_COMPILER_GLOBAL_ACCENT_COLOR_NAME = AccentColor;
				CODE_SIGN_ENTITLEMENTS = "Event CountDown Tracker/Event_CountDown_Tracker.entitlements";
				CODE_SIGN_STYLE = Automatic;
				CURRENT_PROJECT_VERSION = 1;
				DEVELOPMENT_ASSET_PATHS = "\"Event CountDown Tracker/Preview Content\"";
				ENABLE_PREVIEWS = YES;
				GENERATE_INFOPLIST_FILE = YES;
				"INFOPLIST_KEY_UIApplicationSceneManifest_Generation[sdk=iphoneos*]" = YES;
				"INFOPLIST_KEY_UIApplicationSceneManifest_Generation[sdk=iphonesimulator*]" = YES;
				"INFOPLIST_KEY_UIApplicationSupportsIndirectInputEvents[sdk=iphoneos*]" = YES;
				"INFOPLIST_KEY_UIApplicationSupportsIndirectInputEvents[sdk=iphonesimulator*]" = YES;
				"INFOPLIST_KEY_UILaunchScreen_Generation[sdk=iphoneos*]" = YES;
				"INFOPLIST_KEY_UILaunchScreen_Generation[sdk=iphonesimulator*]" = YES;
				"INFOPLIST_KEY_UIStatusBarStyle[sdk=iphoneos*]" = UIStatusBarStyleDefault;
				"INFOPLIST_KEY_UIStatusBarStyle[sdk=iphonesimulator*]" = UIStatusBarStyleDefault;
				INFOPLIST_KEY_UISupportedInterfaceOrientations_iPad = "UIInterfaceOrientationPortrait UIInterfaceOrientationPortraitUpsideDown UIInterfaceOrientationLandscapeLeft UIInterfaceOrientationLandscapeRight";
				INFOPLIST_KEY_UISupportedInterfaceOrientations_iPhone = "UIInterfaceOrientationPortrait UIInterfaceOrientationLandscapeLeft UIInterfaceOrientationLandscapeRight";
				IPHONEOS_DEPLOYMENT_TARGET = 17.5;
				LD_RUNPATH_SEARCH_PATHS = "@executable_path/Frameworks";
				"LD_RUNPATH_SEARCH_PATHS[sdk=macosx*]" = "@executable_path/../Frameworks";
				MACOSX_DEPLOYMENT_TARGET = 14.5;
				MARKETING_VERSION = 1.0;
				PRODUCT_BUNDLE_IDENTIFIER = "Learning-Project.Event-CountDown-Tracker";
				PRODUCT_NAME = "$(TARGET_NAME)";
				SDKROOT = auto;
				SUPPORTED_PLATFORMS = "iphoneos iphonesimulator macosx";
				SWIFT_EMIT_LOC_STRINGS = YES;
				SWIFT_VERSION = 5.0;
				TARGETED_DEVICE_FAMILY = "1,2";
			};
			name = Debug;
		};
		CB9481D42C7F2124008453C8 /* Release */ = {
			isa = XCBuildConfiguration;
			buildSettings = {
				ASSETCATALOG_COMPILER_APPICON_NAME = AppIcon;
				ASSETCATALOG_COMPILER_GLOBAL_ACCENT_COLOR_NAME = AccentColor;
				CODE_SIGN_ENTITLEMENTS = "Event CountDown Tracker/Event_CountDown_Tracker.entitlements";
				CODE_SIGN_STYLE = Automatic;
				CURRENT_PROJECT_VERSION = 1;
				DEVELOPMENT_ASSET_PATHS = "\"Event CountDown Tracker/Preview Content\"";
				ENABLE_PREVIEWS = YES;
				GENERATE_INFOPLIST_FILE = YES;
				"INFOPLIST_KEY_UIApplicationSceneManifest_Generation[sdk=iphoneos*]" = YES;
				"INFOPLIST_KEY_UIApplicationSceneManifest_Generation[sdk=iphonesimulator*]" = YES;
				"INFOPLIST_KEY_UIApplicationSupportsIndirectInputEvents[sdk=iphoneos*]" = YES;
				"INFOPLIST_KEY_UIApplicationSupportsIndirectInputEvents[sdk=iphonesimulator*]" = YES;
				"INFOPLIST_KEY_UILaunchScreen_Generation[sdk=iphoneos*]" = YES;
				"INFOPLIST_KEY_UILaunchScreen_Generation[sdk=iphonesimulator*]" = YES;
				"INFOPLIST_KEY_UIStatusBarStyle[sdk=iphoneos*]" = UIStatusBarStyleDefault;
				"INFOPLIST_KEY_UIStatusBarStyle[sdk=iphonesimulator*]" = UIStatusBarStyleDefault;
				INFOPLIST_KEY_UISupportedInterfaceOrientations_iPad = "UIInterfaceOrientationPortrait UIInterfaceOrientationPortraitUpsideDown UIInterfaceOrientationLandscapeLeft UIInterfaceOrientationLandscapeRight";
				INFOPLIST_KEY_UISupportedInterfaceOrientations_iPhone = "UIInterfaceOrientationPortrait UIInterfaceOrientationLandscapeLeft UIInterfaceOrientationLandscapeRight";
				IPHONEOS_DEPLOYMENT_TARGET = 17.5;
				LD_RUNPATH_SEARCH_PATHS = "@executable_path/Frameworks";
				"LD_RUNPATH_SEARCH_PATHS[sdk=macosx*]" = "@executable_path/../Frameworks";
				MACOSX_DEPLOYMENT_TARGET = 14.5;
				MARKETING_VERSION = 1.0;
				PRODUCT_BUNDLE_IDENTIFIER = "Learning-Project.Event-CountDown-Tracker";
				PRODUCT_NAME = "$(TARGET_NAME)";
				SDKROOT = auto;
				SUPPORTED_PLATFORMS = "iphoneos iphonesimulator macosx";
				SWIFT_EMIT_LOC_STRINGS = YES;
				SWIFT_VERSION = 5.0;
				TARGETED_DEVICE_FAMILY = "1,2";
			};
			name = Release;
		};
		CB9481D62C7F2124008453C8 /* Debug */ = {
			isa = XCBuildConfiguration;
			buildSettings = {
				ALWAYS_EMBED_SWIFT_STANDARD_LIBRARIES = YES;
				BUNDLE_LOADER = "$(TEST_HOST)";
				CODE_SIGN_STYLE = Automatic;
				CURRENT_PROJECT_VERSION = 1;
				GENERATE_INFOPLIST_FILE = YES;
				IPHONEOS_DEPLOYMENT_TARGET = 17.5;
				MACOSX_DEPLOYMENT_TARGET = 14.5;
				MARKETING_VERSION = 1.0;
				PRODUCT_BUNDLE_IDENTIFIER = "Learning-Project.Event-CountDown-TrackerTests";
				PRODUCT_NAME = "$(TARGET_NAME)";
				SDKROOT = auto;
				SUPPORTED_PLATFORMS = "iphoneos iphonesimulator macosx";
				SWIFT_EMIT_LOC_STRINGS = NO;
				SWIFT_VERSION = 5.0;
				TARGETED_DEVICE_FAMILY = "1,2";
				TEST_HOST = "$(BUILT_PRODUCTS_DIR)/Event CountDown Tracker.app/$(BUNDLE_EXECUTABLE_FOLDER_PATH)/Event CountDown Tracker";
			};
			name = Debug;
		};
		CB9481D72C7F2124008453C8 /* Release */ = {
			isa = XCBuildConfiguration;
			buildSettings = {
				ALWAYS_EMBED_SWIFT_STANDARD_LIBRARIES = YES;
				BUNDLE_LOADER = "$(TEST_HOST)";
				CODE_SIGN_STYLE = Automatic;
				CURRENT_PROJECT_VERSION = 1;
				GENERATE_INFOPLIST_FILE = YES;
				IPHONEOS_DEPLOYMENT_TARGET = 17.5;
				MACOSX_DEPLOYMENT_TARGET = 14.5;
				MARKETING_VERSION = 1.0;
				PRODUCT_BUNDLE_IDENTIFIER = "Learning-Project.Event-CountDown-TrackerTests";
				PRODUCT_NAME = "$(TARGET_NAME)";
				SDKROOT = auto;
				SUPPORTED_PLATFORMS = "iphoneos iphonesimulator macosx";
				SWIFT_EMIT_LOC_STRINGS = NO;
				SWIFT_VERSION = 5.0;
				TARGETED_DEVICE_FAMILY = "1,2";
				TEST_HOST = "$(BUILT_PRODUCTS_DIR)/Event CountDown Tracker.app/$(BUNDLE_EXECUTABLE_FOLDER_PATH)/Event CountDown Tracker";
			};
			name = Release;
		};
		CB9481D92C7F2124008453C8 /* Debug */ = {
			isa = XCBuildConfiguration;
			buildSettings = {
				ALWAYS_EMBED_SWIFT_STANDARD_LIBRARIES = YES;
				CODE_SIGN_STYLE = Automatic;
				CURRENT_PROJECT_VERSION = 1;
				GENERATE_INFOPLIST_FILE = YES;
				IPHONEOS_DEPLOYMENT_TARGET = 17.5;
				MACOSX_DEPLOYMENT_TARGET = 14.5;
				MARKETING_VERSION = 1.0;
				PRODUCT_BUNDLE_IDENTIFIER = "Learning-Project.Event-CountDown-TrackerUITests";
				PRODUCT_NAME = "$(TARGET_NAME)";
				SDKROOT = auto;
				SUPPORTED_PLATFORMS = "iphoneos iphonesimulator macosx";
				SWIFT_EMIT_LOC_STRINGS = NO;
				SWIFT_VERSION = 5.0;
				TARGETED_DEVICE_FAMILY = "1,2";
				TEST_TARGET_NAME = "Event CountDown Tracker";
			};
			name = Debug;
		};
		CB9481DA2C7F2124008453C8 /* Release */ = {
			isa = XCBuildConfiguration;
			buildSettings = {
				ALWAYS_EMBED_SWIFT_STANDARD_LIBRARIES = YES;
				CODE_SIGN_STYLE = Automatic;
				CURRENT_PROJECT_VERSION = 1;
				GENERATE_INFOPLIST_FILE = YES;
				IPHONEOS_DEPLOYMENT_TARGET = 17.5;
				MACOSX_DEPLOYMENT_TARGET = 14.5;
				MARKETING_VERSION = 1.0;
				PRODUCT_BUNDLE_IDENTIFIER = "Learning-Project.Event-CountDown-TrackerUITests";
				PRODUCT_NAME = "$(TARGET_NAME)";
				SDKROOT = auto;
				SUPPORTED_PLATFORMS = "iphoneos iphonesimulator macosx";
				SWIFT_EMIT_LOC_STRINGS = NO;
				SWIFT_VERSION = 5.0;
				TARGETED_DEVICE_FAMILY = "1,2";
				TEST_TARGET_NAME = "Event CountDown Tracker";
			};
			name = Release;
		};
/* End XCBuildConfiguration section */

/* Begin XCConfigurationList section */
		CB9481A82C7F2122008453C8 /* Build configuration list for PBXProject "Event CountDown Tracker" */ = {
			isa = XCConfigurationList;
			buildConfigurations = (
				CB9481D02C7F2124008453C8 /* Debug */,
				CB9481D12C7F2124008453C8 /* Release */,
			);
			defaultConfigurationIsVisible = 0;
			defaultConfigurationName = Release;
		};
		CB9481D22C7F2124008453C8 /* Build configuration list for PBXNativeTarget "Event CountDown Tracker" */ = {
			isa = XCConfigurationList;
			buildConfigurations = (
				CB9481D32C7F2124008453C8 /* Debug */,
				CB9481D42C7F2124008453C8 /* Release */,
			);
			defaultConfigurationIsVisible = 0;
			defaultConfigurationName = Release;
		};
		CB9481D52C7F2124008453C8 /* Build configuration list for PBXNativeTarget "Event CountDown TrackerTests" */ = {
			isa = XCConfigurationList;
			buildConfigurations = (
				CB9481D62C7F2124008453C8 /* Debug */,
				CB9481D72C7F2124008453C8 /* Release */,
			);
			defaultConfigurationIsVisible = 0;
			defaultConfigurationName = Release;
		};
		CB9481D82C7F2124008453C8 /* Build configuration list for PBXNativeTarget "Event CountDown TrackerUITests" */ = {
			isa = XCConfigurationList;
			buildConfigurations = (
				CB9481D92C7F2124008453C8 /* Debug */,
				CB9481DA2C7F2124008453C8 /* Release */,
			);
			defaultConfigurationIsVisible = 0;
			defaultConfigurationName = Release;
		};
/* End XCConfigurationList section */
	};
	rootObject = CB9481A52C7F2122008453C8 /* Project object */;
}
